zeda 00c7527d0ac63616f18682d1278f183d208b184a main
zm 3986832f99bd66869e922ea38343a8f27bed100a HEAD
zeo ba186e5114355e71e97a22e9664587130f4b67db HEAD
dzco d816b0aa22f666db5574e3ad50f6d6ee46100389 main
roki 25371541334551617c5e9caeb782656c62ac4d69 main
roki-fd ff028a0f5391d128a368b154207f580cafd19e3a main
liw 452049bf59702885dc63d715dac848e0d818df40 main
zx11 3dfd0a5bc973048312ce2ddb54499c36adc69a40 main
roki-gl 83db529498cf878fe845bf184451e1aef607bbb0 HEAD
