zeda 00c7527d0ac63616f18682d1278f183d208b184a main
zm 3c9c75a507da37aa90d3fa68b359003ea8d25d81 HEAD
zeo c6c9c5513f1db8fad28fee39d188d9b492775ed0 HEAD
dzco 63db958a23de8c142f3c26e77683eb9ff89ecfba HEAD
roki 4f0766addd20eef35f68ac981c3b43d63587dd7e HEAD
roki-fd ff028a0f5391d128a368b154207f580cafd19e3a main
liw 452049bf59702885dc63d715dac848e0d818df40 main
zx11 3dfd0a5bc973048312ce2ddb54499c36adc69a40 main
roki-gl 83db529498cf878fe845bf184451e1aef607bbb0 HEAD
